
Microsoft Visual Studio Solution File, Format Version 12.00
# Visual Studio 2012
Project("{FAE04EC0-301F-11D3-BF4B-00C04F79EFBC}") = "BitmapCalendar", "BitmapCalendar\BitmapCalendar.csproj", "{D88C9AF3-5FF1-4708-840D-C256F120F843}"
EndProject
Global
	GlobalSection(SolutionConfigurationPlatforms) = preSolution
		Debug|Any CPU = Debug|Any CPU
		Release|Any CPU = Release|Any CPU
	EndGlobalSection
	GlobalSection(ProjectConfigurationPlatforms) = postSolution
		{D88C9AF3-5FF1-4708-840D-C256F120F843}.Debug|Any CPU.ActiveCfg = Debug|Any CPU
		{D88C9AF3-5FF1-4708-840D-C256F120F843}.Debug|Any CPU.Build.0 = Debug|Any CPU
		{D88C9AF3-5FF1-4708-840D-C256F120F843}.Release|Any CPU.ActiveCfg = Release|Any CPU
		{D88C9AF3-5FF1-4708-840D-C256F120F843}.Release|Any CPU.Build.0 = Release|Any CPU
	EndGlobalSection
	GlobalSection(SolutionProperties) = preSolution
		HideSolutionNode = FALSE
	EndGlobalSection
EndGlobal
